// !$*UTF8*$!
{
	archiveVersion = 1;
	classes = {
	};
	objectVersion = 50;
	objects = {

/* Begin PBXBuildFile section */
		104232302209D715008DC01A /* AppDelegate.swift in Sources */ = {isa = PBXBuildFile; fileRef = 1042322F2209D715008DC01A /* AppDelegate.swift */; };
		104232322209D715008DC01A /* MainViewController.swift in Sources */ = {isa = PBXBuildFile; fileRef = 104232312209D715008DC01A /* MainViewController.swift */; };
		104232352209D715008DC01A /* Main.storyboard in Resources */ = {isa = PBXBuildFile; fileRef = 104232332209D715008DC01A /* Main.storyboard */; };
		104232372209D716008DC01A /* Assets.xcassets in Resources */ = {isa = PBXBuildFile; fileRef = 104232362209D716008DC01A /* Assets.xcassets */; };
		1042323A2209D716008DC01A /* LaunchScreen.storyboard in Resources */ = {isa = PBXBuildFile; fileRef = 104232382209D716008DC01A /* LaunchScreen.storyboard */; };
		104232452209D716008DC01A /* CheckersTests.swift in Sources */ = {isa = PBXBuildFile; fileRef = 104232442209D716008DC01A /* CheckersTests.swift */; };
		104232502209D716008DC01A /* CheckersUITests.swift in Sources */ = {isa = PBXBuildFile; fileRef = 1042324F2209D716008DC01A /* CheckersUITests.swift */; };
		105A397D221CA4FF00753459 /* GoogleService-Info.plist in Resources */ = {isa = PBXBuildFile; fileRef = 105A397C221CA4FF00753459 /* GoogleService-Info.plist */; };
		109B046F220A547800E15704 /* Color.swift in Sources */ = {isa = PBXBuildFile; fileRef = 109B046E220A547800E15704 /* Color.swift */; };
		109B0472220A54FA00E15704 /* UIColorExtensions.swift in Sources */ = {isa = PBXBuildFile; fileRef = 109B0471220A54FA00E15704 /* UIColorExtensions.swift */; };
		109B0474220A559E00E15704 /* UIViewExtensions.swift in Sources */ = {isa = PBXBuildFile; fileRef = 109B0473220A559E00E15704 /* UIViewExtensions.swift */; };
		109B0476220A663A00E15704 /* StartNewGameViewController.swift in Sources */ = {isa = PBXBuildFile; fileRef = 109B0475220A663A00E15704 /* StartNewGameViewController.swift */; };
		192E40721500702D377D2422 /* JoinGameViewController.swift in Sources */ = {isa = PBXBuildFile; fileRef = 192E4149D4E7FAF9749C8040 /* JoinGameViewController.swift */; };
		192E411B35D0E47A70681107 /* FirebaseReference.swift in Sources */ = {isa = PBXBuildFile; fileRef = 192E44D741B9994C0A329997 /* FirebaseReference.swift */; };
		192E419E229B912C0C8892EC /* PieceType.swift in Sources */ = {isa = PBXBuildFile; fileRef = 192E40FA418D482A9D1954F9 /* PieceType.swift */; };
		192E424358C02C73F49BFC0F /* Board.swift in Sources */ = {isa = PBXBuildFile; fileRef = 192E416F5D579A3AC29A667E /* Board.swift */; };
		192E43407D16F99FC16053A0 /* FirebaseGameController.swift in Sources */ = {isa = PBXBuildFile; fileRef = 192E4F91D0D3AB3D64DF5037 /* FirebaseGameController.swift */; };
		192E434C1D9F21C2522AE1A9 /* Win.swift in Sources */ = {isa = PBXBuildFile; fileRef = 192E457531E2D0A03F0A0DFE /* Win.swift */; };
		192E4379FDB3F0A352A2B477 /* Game.swift in Sources */ = {isa = PBXBuildFile; fileRef = 192E424B178E077A20BD80BD /* Game.swift */; };
		192E4416C5D7AC8EAE137947 /* BoardCollectionViewCell.swift in Sources */ = {isa = PBXBuildFile; fileRef = 192E45BCDAD2AFEC8DF40697 /* BoardCollectionViewCell.swift */; };
		192E441D1FA0BB98AB196781 /* Move.swift in Sources */ = {isa = PBXBuildFile; fileRef = 192E4EF38A7084388ADF9FFC /* Move.swift */; };
		192E4468ABCFF3B58601B198 /* Tile.swift in Sources */ = {isa = PBXBuildFile; fileRef = 192E4199625EDA49553A5F40 /* Tile.swift */; };
		192E4663100BB196DB44BE41 /* Message.swift in Sources */ = {isa = PBXBuildFile; fileRef = 192E412A21529BB67EC8228A /* Message.swift */; };
		192E4701CCFD8E3697FDB094 /* FirebaseFetchGameCompletion.swift in Sources */ = {isa = PBXBuildFile; fileRef = 192E42463598790A62A525DA /* FirebaseFetchGameCompletion.swift */; };
		192E47D6A611BBEFF7E912FC /* FirebaseKey.swift in Sources */ = {isa = PBXBuildFile; fileRef = 192E46CBCB7DC9FBBC67EA8B /* FirebaseKey.swift */; };
		192E48FE159BD7188BADDB78 /* BoardViewController.swift in Sources */ = {isa = PBXBuildFile; fileRef = 192E425995CCF53F4C7F6C6F /* BoardViewController.swift */; };
		192E4B922AAF8F0E0AB16F44 /* Util.swift in Sources */ = {isa = PBXBuildFile; fileRef = 192E48F70C179717CE76CB8A /* Util.swift */; };
		192E4C62151BB160A9DB1DC0 /* Piece.swift in Sources */ = {isa = PBXBuildFile; fileRef = 192E4B03CC89D21589B3A60E /* Piece.swift */; };
		192E4D362E58FFA63727D6F4 /* Icon.swift in Sources */ = {isa = PBXBuildFile; fileRef = 192E43365ACA329E40529942 /* Icon.swift */; };
		192E4F87E160BF860B627222 /* FirebaseJoinGameCompletion.swift in Sources */ = {isa = PBXBuildFile; fileRef = 192E46B1040AFA6E3484CEBE /* FirebaseJoinGameCompletion.swift */; };
		2715A14F089E9D59F764E06B /* Pods_Checkers.framework in Frameworks */ = {isa = PBXBuildFile; fileRef = 8E40A372F8F064CCE1029190 /* Pods_Checkers.framework */; };
		C24A5BE16E5AAC3F7C19FEFC /* Pods_CheckersTests.framework in Frameworks */ = {isa = PBXBuildFile; fileRef = C6067BF35B5B0D82E2F78B3F /* Pods_CheckersTests.framework */; };
		DE58A98CB037F230E6945CE3 /* Pods_CheckersUITests.framework in Frameworks */ = {isa = PBXBuildFile; fileRef = A638FDC2A6F6798354C6F11E /* Pods_CheckersUITests.framework */; };
/* End PBXBuildFile section */

/* Begin PBXContainerItemProxy section */
		104232412209D716008DC01A /* PBXContainerItemProxy */ = {
			isa = PBXContainerItemProxy;
			containerPortal = 104232242209D715008DC01A /* Project object */;
			proxyType = 1;
			remoteGlobalIDString = 1042322B2209D715008DC01A;
			remoteInfo = Checkers;
		};
		1042324C2209D716008DC01A /* PBXContainerItemProxy */ = {
			isa = PBXContainerItemProxy;
			containerPortal = 104232242209D715008DC01A /* Project object */;
			proxyType = 1;
			remoteGlobalIDString = 1042322B2209D715008DC01A;
			remoteInfo = Checkers;
		};
/* End PBXContainerItemProxy section */

/* Begin PBXFileReference section */
		003C46AA21963982DEC6556C /* Pods-CheckersTests.release.xcconfig */ = {isa = PBXFileReference; includeInIndex = 1; lastKnownFileType = text.xcconfig; name = "Pods-CheckersTests.release.xcconfig"; path = "Pods/Target Support Files/Pods-CheckersTests/Pods-CheckersTests.release.xcconfig"; sourceTree = "<group>"; };
		1042322C2209D715008DC01A /* Checkers.app */ = {isa = PBXFileReference; explicitFileType = wrapper.application; includeInIndex = 0; path = Checkers.app; sourceTree = BUILT_PRODUCTS_DIR; };
		1042322F2209D715008DC01A /* AppDelegate.swift */ = {isa = PBXFileReference; lastKnownFileType = sourcecode.swift; path = AppDelegate.swift; sourceTree = "<group>"; };
		104232312209D715008DC01A /* MainViewController.swift */ = {isa = PBXFileReference; lastKnownFileType = sourcecode.swift; path = MainViewController.swift; sourceTree = "<group>"; };
		104232342209D715008DC01A /* Base */ = {isa = PBXFileReference; lastKnownFileType = file.storyboard; name = Base; path = Base.lproj/Main.storyboard; sourceTree = "<group>"; };
		104232362209D716008DC01A /* Assets.xcassets */ = {isa = PBXFileReference; lastKnownFileType = folder.assetcatalog; path = Assets.xcassets; sourceTree = "<group>"; };
		104232392209D716008DC01A /* Base */ = {isa = PBXFileReference; lastKnownFileType = file.storyboard; name = Base; path = Base.lproj/LaunchScreen.storyboard; sourceTree = "<group>"; };
		1042323B2209D716008DC01A /* Info.plist */ = {isa = PBXFileReference; lastKnownFileType = text.plist.xml; path = Info.plist; sourceTree = "<group>"; };
		104232402209D716008DC01A /* CheckersTests.xctest */ = {isa = PBXFileReference; explicitFileType = wrapper.cfbundle; includeInIndex = 0; path = CheckersTests.xctest; sourceTree = BUILT_PRODUCTS_DIR; };
		104232442209D716008DC01A /* CheckersTests.swift */ = {isa = PBXFileReference; lastKnownFileType = sourcecode.swift; path = CheckersTests.swift; sourceTree = "<group>"; };
		104232462209D716008DC01A /* Info.plist */ = {isa = PBXFileReference; lastKnownFileType = text.plist.xml; path = Info.plist; sourceTree = "<group>"; };
		1042324B2209D716008DC01A /* CheckersUITests.xctest */ = {isa = PBXFileReference; explicitFileType = wrapper.cfbundle; includeInIndex = 0; path = CheckersUITests.xctest; sourceTree = BUILT_PRODUCTS_DIR; };
		1042324F2209D716008DC01A /* CheckersUITests.swift */ = {isa = PBXFileReference; lastKnownFileType = sourcecode.swift; path = CheckersUITests.swift; sourceTree = "<group>"; };
		104232512209D716008DC01A /* Info.plist */ = {isa = PBXFileReference; lastKnownFileType = text.plist.xml; path = Info.plist; sourceTree = "<group>"; };
		105A397C221CA4FF00753459 /* GoogleService-Info.plist */ = {isa = PBXFileReference; fileEncoding = 4; lastKnownFileType = text.plist.xml; path = "GoogleService-Info.plist"; sourceTree = "<group>"; };
		109B046E220A547800E15704 /* Color.swift */ = {isa = PBXFileReference; lastKnownFileType = sourcecode.swift; path = Color.swift; sourceTree = "<group>"; };
		109B0471220A54FA00E15704 /* UIColorExtensions.swift */ = {isa = PBXFileReference; lastKnownFileType = sourcecode.swift; path = UIColorExtensions.swift; sourceTree = "<group>"; };
		109B0473220A559E00E15704 /* UIViewExtensions.swift */ = {isa = PBXFileReference; lastKnownFileType = sourcecode.swift; path = UIViewExtensions.swift; sourceTree = "<group>"; };
		109B0475220A663A00E15704 /* StartNewGameViewController.swift */ = {isa = PBXFileReference; lastKnownFileType = sourcecode.swift; path = StartNewGameViewController.swift; sourceTree = "<group>"; };
		192E40FA418D482A9D1954F9 /* PieceType.swift */ = {isa = PBXFileReference; fileEncoding = 4; lastKnownFileType = sourcecode.swift; path = PieceType.swift; sourceTree = "<group>"; };
		192E412A21529BB67EC8228A /* Message.swift */ = {isa = PBXFileReference; fileEncoding = 4; lastKnownFileType = sourcecode.swift; path = Message.swift; sourceTree = "<group>"; };
		192E4149D4E7FAF9749C8040 /* JoinGameViewController.swift */ = {isa = PBXFileReference; fileEncoding = 4; lastKnownFileType = sourcecode.swift; path = JoinGameViewController.swift; sourceTree = "<group>"; };
		192E416F5D579A3AC29A667E /* Board.swift */ = {isa = PBXFileReference; fileEncoding = 4; lastKnownFileType = sourcecode.swift; path = Board.swift; sourceTree = "<group>"; };
		192E4199625EDA49553A5F40 /* Tile.swift */ = {isa = PBXFileReference; fileEncoding = 4; lastKnownFileType = sourcecode.swift; path = Tile.swift; sourceTree = "<group>"; };
		192E42463598790A62A525DA /* FirebaseFetchGameCompletion.swift */ = {isa = PBXFileReference; fileEncoding = 4; lastKnownFileType = sourcecode.swift; path = FirebaseFetchGameCompletion.swift; sourceTree = "<group>"; };
		192E424B178E077A20BD80BD /* Game.swift */ = {isa = PBXFileReference; fileEncoding = 4; lastKnownFileType = sourcecode.swift; path = Game.swift; sourceTree = "<group>"; };
		192E425995CCF53F4C7F6C6F /* BoardViewController.swift */ = {isa = PBXFileReference; fileEncoding = 4; lastKnownFileType = sourcecode.swift; path = BoardViewController.swift; sourceTree = "<group>"; };
		192E43365ACA329E40529942 /* Icon.swift */ = {isa = PBXFileReference; fileEncoding = 4; lastKnownFileType = sourcecode.swift; path = Icon.swift; sourceTree = "<group>"; };
		192E44D741B9994C0A329997 /* FirebaseReference.swift */ = {isa = PBXFileReference; fileEncoding = 4; lastKnownFileType = sourcecode.swift; path = FirebaseReference.swift; sourceTree = "<group>"; };
		192E457531E2D0A03F0A0DFE /* Win.swift */ = {isa = PBXFileReference; fileEncoding = 4; lastKnownFileType = sourcecode.swift; path = Win.swift; sourceTree = "<group>"; };
		192E45BCDAD2AFEC8DF40697 /* BoardCollectionViewCell.swift */ = {isa = PBXFileReference; fileEncoding = 4; lastKnownFileType = sourcecode.swift; path = BoardCollectionViewCell.swift; sourceTree = "<group>"; };
		192E46B1040AFA6E3484CEBE /* FirebaseJoinGameCompletion.swift */ = {isa = PBXFileReference; fileEncoding = 4; lastKnownFileType = sourcecode.swift; path = FirebaseJoinGameCompletion.swift; sourceTree = "<group>"; };
		192E46CBCB7DC9FBBC67EA8B /* FirebaseKey.swift */ = {isa = PBXFileReference; fileEncoding = 4; lastKnownFileType = sourcecode.swift; path = FirebaseKey.swift; sourceTree = "<group>"; };
		192E48F70C179717CE76CB8A /* Util.swift */ = {isa = PBXFileReference; fileEncoding = 4; lastKnownFileType = sourcecode.swift; path = Util.swift; sourceTree = "<group>"; };
		192E4B03CC89D21589B3A60E /* Piece.swift */ = {isa = PBXFileReference; fileEncoding = 4; lastKnownFileType = sourcecode.swift; path = Piece.swift; sourceTree = "<group>"; };
		192E4EF38A7084388ADF9FFC /* Move.swift */ = {isa = PBXFileReference; fileEncoding = 4; lastKnownFileType = sourcecode.swift; path = Move.swift; sourceTree = "<group>"; };
		192E4F91D0D3AB3D64DF5037 /* FirebaseGameController.swift */ = {isa = PBXFileReference; fileEncoding = 4; lastKnownFileType = sourcecode.swift; path = FirebaseGameController.swift; sourceTree = "<group>"; };
		22317028C1C22D62E0848701 /* Pods-Checkers.release.xcconfig */ = {isa = PBXFileReference; includeInIndex = 1; lastKnownFileType = text.xcconfig; name = "Pods-Checkers.release.xcconfig"; path = "Pods/Target Support Files/Pods-Checkers/Pods-Checkers.release.xcconfig"; sourceTree = "<group>"; };
		24311ADDF8637758712C8FA0 /* Pods-Checkers.debug.xcconfig */ = {isa = PBXFileReference; includeInIndex = 1; lastKnownFileType = text.xcconfig; name = "Pods-Checkers.debug.xcconfig"; path = "Pods/Target Support Files/Pods-Checkers/Pods-Checkers.debug.xcconfig"; sourceTree = "<group>"; };
		2CADB7BBF203B2592A6BD250 /* Pods-CheckersUITests.debug.xcconfig */ = {isa = PBXFileReference; includeInIndex = 1; lastKnownFileType = text.xcconfig; name = "Pods-CheckersUITests.debug.xcconfig"; path = "Pods/Target Support Files/Pods-CheckersUITests/Pods-CheckersUITests.debug.xcconfig"; sourceTree = "<group>"; };
		73479379AC63859F0986705A /* Pods-CheckersUITests.release.xcconfig */ = {isa = PBXFileReference; includeInIndex = 1; lastKnownFileType = text.xcconfig; name = "Pods-CheckersUITests.release.xcconfig"; path = "Pods/Target Support Files/Pods-CheckersUITests/Pods-CheckersUITests.release.xcconfig"; sourceTree = "<group>"; };
		8E40A372F8F064CCE1029190 /* Pods_Checkers.framework */ = {isa = PBXFileReference; explicitFileType = wrapper.framework; includeInIndex = 0; path = Pods_Checkers.framework; sourceTree = BUILT_PRODUCTS_DIR; };
		A638FDC2A6F6798354C6F11E /* Pods_CheckersUITests.framework */ = {isa = PBXFileReference; explicitFileType = wrapper.framework; includeInIndex = 0; path = Pods_CheckersUITests.framework; sourceTree = BUILT_PRODUCTS_DIR; };
		C6067BF35B5B0D82E2F78B3F /* Pods_CheckersTests.framework */ = {isa = PBXFileReference; explicitFileType = wrapper.framework; includeInIndex = 0; path = Pods_CheckersTests.framework; sourceTree = BUILT_PRODUCTS_DIR; };
		D3E365087F9B8FED0F1C4760 /* Pods-CheckersTests.debug.xcconfig */ = {isa = PBXFileReference; includeInIndex = 1; lastKnownFileType = text.xcconfig; name = "Pods-CheckersTests.debug.xcconfig"; path = "Pods/Target Support Files/Pods-CheckersTests/Pods-CheckersTests.debug.xcconfig"; sourceTree = "<group>"; };
/* End PBXFileReference section */

/* Begin PBXFrameworksBuildPhase section */
		104232292209D715008DC01A /* Frameworks */ = {
			isa = PBXFrameworksBuildPhase;
			buildActionMask = 2147483647;
			files = (
				2715A14F089E9D59F764E06B /* Pods_Checkers.framework in Frameworks */,
			);
			runOnlyForDeploymentPostprocessing = 0;
		};
		1042323D2209D716008DC01A /* Frameworks */ = {
			isa = PBXFrameworksBuildPhase;
			buildActionMask = 2147483647;
			files = (
				C24A5BE16E5AAC3F7C19FEFC /* Pods_CheckersTests.framework in Frameworks */,
			);
			runOnlyForDeploymentPostprocessing = 0;
		};
		104232482209D716008DC01A /* Frameworks */ = {
			isa = PBXFrameworksBuildPhase;
			buildActionMask = 2147483647;
			files = (
				DE58A98CB037F230E6945CE3 /* Pods_CheckersUITests.framework in Frameworks */,
			);
			runOnlyForDeploymentPostprocessing = 0;
		};
/* End PBXFrameworksBuildPhase section */

/* Begin PBXGroup section */
		104232232209D715008DC01A = {
			isa = PBXGroup;
			children = (
				1042322E2209D715008DC01A /* Checkers */,
				104232432209D716008DC01A /* CheckersTests */,
				1042324E2209D716008DC01A /* CheckersUITests */,
				1042322D2209D715008DC01A /* Products */,
				D3B31D7E26BA49181FEC7CA5 /* Pods */,
				8BE0E6748DF3483352896678 /* Frameworks */,
			);
			sourceTree = "<group>";
		};
		1042322D2209D715008DC01A /* Products */ = {
			isa = PBXGroup;
			children = (
				1042322C2209D715008DC01A /* Checkers.app */,
				104232402209D716008DC01A /* CheckersTests.xctest */,
				1042324B2209D716008DC01A /* CheckersUITests.xctest */,
			);
			name = Products;
			sourceTree = "<group>";
		};
		1042322E2209D715008DC01A /* Checkers */ = {
			isa = PBXGroup;
			children = (
				109B0470220A54E900E15704 /* Extensions */,
				109B046D220A546800E15704 /* Util */,
				1042325E2209DAB1008DC01A /* Other */,
				1042325D2209DA94008DC01A /* VIewControllers */,
				104232362209D716008DC01A /* Assets.xcassets */,
				1042323B2209D716008DC01A /* Info.plist */,
				105A397C221CA4FF00753459 /* GoogleService-Info.plist */,
				192E420755E5C33DEE270122 /* Firebase */,
				192E4CA6BB438C47316C8E65 /* Type */,
				192E40E98E707171B50D86E0 /* CompletionHandlers */,
				192E45DC40E8255F82DFBE61 /* Views */,
				192E4DE0AB3E409437842941 /* Cells */,
			);
			path = Checkers;
			sourceTree = "<group>";
		};
		104232432209D716008DC01A /* CheckersTests */ = {
			isa = PBXGroup;
			children = (
				104232442209D716008DC01A /* CheckersTests.swift */,
				104232462209D716008DC01A /* Info.plist */,
			);
			path = CheckersTests;
			sourceTree = "<group>";
		};
		1042324E2209D716008DC01A /* CheckersUITests */ = {
			isa = PBXGroup;
			children = (
				1042324F2209D716008DC01A /* CheckersUITests.swift */,
				104232512209D716008DC01A /* Info.plist */,
			);
			path = CheckersUITests;
			sourceTree = "<group>";
		};
		1042325D2209DA94008DC01A /* VIewControllers */ = {
			isa = PBXGroup;
			children = (
				104232312209D715008DC01A /* MainViewController.swift */,
				109B0475220A663A00E15704 /* StartNewGameViewController.swift */,
				192E4149D4E7FAF9749C8040 /* JoinGameViewController.swift */,
				192E425995CCF53F4C7F6C6F /* BoardViewController.swift */,
			);
			path = VIewControllers;
			sourceTree = "<group>";
		};
		1042325E2209DAB1008DC01A /* Other */ = {
			isa = PBXGroup;
			children = (
				104232382209D716008DC01A /* LaunchScreen.storyboard */,
				1042322F2209D715008DC01A /* AppDelegate.swift */,
				104232332209D715008DC01A /* Main.storyboard */,
			);
			path = Other;
			sourceTree = "<group>";
		};
		109B046D220A546800E15704 /* Util */ = {
			isa = PBXGroup;
			children = (
				109B046E220A547800E15704 /* Color.swift */,
				192E48F70C179717CE76CB8A /* Util.swift */,
				192E43365ACA329E40529942 /* Icon.swift */,
			);
			path = Util;
			sourceTree = "<group>";
		};
		109B0470220A54E900E15704 /* Extensions */ = {
			isa = PBXGroup;
			children = (
				109B0471220A54FA00E15704 /* UIColorExtensions.swift */,
				109B0473220A559E00E15704 /* UIViewExtensions.swift */,
			);
			path = Extensions;
			sourceTree = "<group>";
		};
		192E40E98E707171B50D86E0 /* CompletionHandlers */ = {
			isa = PBXGroup;
			children = (
				192E46B1040AFA6E3484CEBE /* FirebaseJoinGameCompletion.swift */,
				192E42463598790A62A525DA /* FirebaseFetchGameCompletion.swift */,
			);
			path = CompletionHandlers;
			sourceTree = "<group>";
		};
		192E420755E5C33DEE270122 /* Firebase */ = {
			isa = PBXGroup;
			children = (
				192E4F91D0D3AB3D64DF5037 /* FirebaseGameController.swift */,
				192E44D741B9994C0A329997 /* FirebaseReference.swift */,
				192E46CBCB7DC9FBBC67EA8B /* FirebaseKey.swift */,
			);
			path = Firebase;
			sourceTree = "<group>";
		};
		192E45DC40E8255F82DFBE61 /* Views */ = {
			isa = PBXGroup;
			children = (
				192E4B03CC89D21589B3A60E /* Piece.swift */,
			);
			path = Views;
			sourceTree = "<group>";
		};
		192E4CA6BB438C47316C8E65 /* Type */ = {
			isa = PBXGroup;
			children = (
				192E424B178E077A20BD80BD /* Game.swift */,
				192E40FA418D482A9D1954F9 /* PieceType.swift */,
				192E416F5D579A3AC29A667E /* Board.swift */,
				192E4199625EDA49553A5F40 /* Tile.swift */,
				192E412A21529BB67EC8228A /* Message.swift */,
				192E4EF38A7084388ADF9FFC /* Move.swift */,
				192E457531E2D0A03F0A0DFE /* Win.swift */,
			);
			path = Type;
			sourceTree = "<group>";
		};
		192E4DE0AB3E409437842941 /* Cells */ = {
			isa = PBXGroup;
			children = (
				192E45BCDAD2AFEC8DF40697 /* BoardCollectionViewCell.swift */,
			);
			path = Cells;
			sourceTree = "<group>";
		};
		8BE0E6748DF3483352896678 /* Frameworks */ = {
			isa = PBXGroup;
			children = (
				8E40A372F8F064CCE1029190 /* Pods_Checkers.framework */,
				C6067BF35B5B0D82E2F78B3F /* Pods_CheckersTests.framework */,
				A638FDC2A6F6798354C6F11E /* Pods_CheckersUITests.framework */,
			);
			name = Frameworks;
			sourceTree = "<group>";
		};
		D3B31D7E26BA49181FEC7CA5 /* Pods */ = {
			isa = PBXGroup;
			children = (
				24311ADDF8637758712C8FA0 /* Pods-Checkers.debug.xcconfig */,
				22317028C1C22D62E0848701 /* Pods-Checkers.release.xcconfig */,
				D3E365087F9B8FED0F1C4760 /* Pods-CheckersTests.debug.xcconfig */,
				003C46AA21963982DEC6556C /* Pods-CheckersTests.release.xcconfig */,
				2CADB7BBF203B2592A6BD250 /* Pods-CheckersUITests.debug.xcconfig */,
				73479379AC63859F0986705A /* Pods-CheckersUITests.release.xcconfig */,
			);
			name = Pods;
			sourceTree = "<group>";
		};
/* End PBXGroup section */

/* Begin PBXNativeTarget section */
		1042322B2209D715008DC01A /* Checkers */ = {
			isa = PBXNativeTarget;
			buildConfigurationList = 104232542209D716008DC01A /* Build configuration list for PBXNativeTarget "Checkers" */;
			buildPhases = (
				70225DA11F5823736867B53B /* [CP] Check Pods Manifest.lock */,
				104232282209D715008DC01A /* Sources */,
				104232292209D715008DC01A /* Frameworks */,
				1042322A2209D715008DC01A /* Resources */,
				3389F711FC51C8EA23C622C3 /* [CP] Embed Pods Frameworks */,
			);
			buildRules = (
			);
			dependencies = (
			);
			name = Checkers;
			productName = Checkers;
			productReference = 1042322C2209D715008DC01A /* Checkers.app */;
			productType = "com.apple.product-type.application";
		};
		1042323F2209D716008DC01A /* CheckersTests */ = {
			isa = PBXNativeTarget;
			buildConfigurationList = 104232572209D716008DC01A /* Build configuration list for PBXNativeTarget "CheckersTests" */;
			buildPhases = (
				ECEAEBE2F22572F7479A0553 /* [CP] Check Pods Manifest.lock */,
				1042323C2209D716008DC01A /* Sources */,
				1042323D2209D716008DC01A /* Frameworks */,
				1042323E2209D716008DC01A /* Resources */,
			);
			buildRules = (
			);
			dependencies = (
				104232422209D716008DC01A /* PBXTargetDependency */,
			);
			name = CheckersTests;
			productName = CheckersTests;
			productReference = 104232402209D716008DC01A /* CheckersTests.xctest */;
			productType = "com.apple.product-type.bundle.unit-test";
		};
		1042324A2209D716008DC01A /* CheckersUITests */ = {
			isa = PBXNativeTarget;
			buildConfigurationList = 1042325A2209D716008DC01A /* Build configuration list for PBXNativeTarget "CheckersUITests" */;
			buildPhases = (
				75B08E69490AB36D500E3529 /* [CP] Check Pods Manifest.lock */,
				104232472209D716008DC01A /* Sources */,
				104232482209D716008DC01A /* Frameworks */,
				104232492209D716008DC01A /* Resources */,
			);
			buildRules = (
			);
			dependencies = (
				1042324D2209D716008DC01A /* PBXTargetDependency */,
			);
			name = CheckersUITests;
			productName = CheckersUITests;
			productReference = 1042324B2209D716008DC01A /* CheckersUITests.xctest */;
			productType = "com.apple.product-type.bundle.ui-testing";
		};
/* End PBXNativeTarget section */

/* Begin PBXProject section */
		104232242209D715008DC01A /* Project object */ = {
			isa = PBXProject;
			attributes = {
				LastSwiftUpdateCheck = 1010;
				LastUpgradeCheck = 1010;
				ORGANIZATIONNAME = SatishBoggarapu;
				TargetAttributes = {
					1042322B2209D715008DC01A = {
						CreatedOnToolsVersion = 10.1;
					};
					1042323F2209D716008DC01A = {
						CreatedOnToolsVersion = 10.1;
						TestTargetID = 1042322B2209D715008DC01A;
					};
					1042324A2209D716008DC01A = {
						CreatedOnToolsVersion = 10.1;
						TestTargetID = 1042322B2209D715008DC01A;
					};
				};
			};
			buildConfigurationList = 104232272209D715008DC01A /* Build configuration list for PBXProject "Checkers" */;
			compatibilityVersion = "Xcode 9.3";
			developmentRegion = en;
			hasScannedForEncodings = 0;
			knownRegions = (
				en,
				Base,
			);
			mainGroup = 104232232209D715008DC01A;
			productRefGroup = 1042322D2209D715008DC01A /* Products */;
			projectDirPath = "";
			projectRoot = "";
			targets = (
				1042322B2209D715008DC01A /* Checkers */,
				1042323F2209D716008DC01A /* CheckersTests */,
				1042324A2209D716008DC01A /* CheckersUITests */,
			);
		};
/* End PBXProject section */

/* Begin PBXResourcesBuildPhase section */
		1042322A2209D715008DC01A /* Resources */ = {
			isa = PBXResourcesBuildPhase;
			buildActionMask = 2147483647;
			files = (
				1042323A2209D716008DC01A /* LaunchScreen.storyboard in Resources */,
				105A397D221CA4FF00753459 /* GoogleService-Info.plist in Resources */,
				104232372209D716008DC01A /* Assets.xcassets in Resources */,
				104232352209D715008DC01A /* Main.storyboard in Resources */,
			);
			runOnlyForDeploymentPostprocessing = 0;
		};
		1042323E2209D716008DC01A /* Resources */ = {
			isa = PBXResourcesBuildPhase;
			buildActionMask = 2147483647;
			files = (
			);
			runOnlyForDeploymentPostprocessing = 0;
		};
		104232492209D716008DC01A /* Resources */ = {
			isa = PBXResourcesBuildPhase;
			buildActionMask = 2147483647;
			files = (
			);
			runOnlyForDeploymentPostprocessing = 0;
		};
/* End PBXResourcesBuildPhase section */

/* Begin PBXShellScriptBuildPhase section */
		3389F711FC51C8EA23C622C3 /* [CP] Embed Pods Frameworks */ = {
			isa = PBXShellScriptBuildPhase;
			buildActionMask = 2147483647;
			files = (
			);
			inputFileListPaths = (
			);
			inputPaths = (
				"${SRCROOT}/Pods/Target Support Files/Pods-Checkers/Pods-Checkers-frameworks.sh",
				"${BUILT_PRODUCTS_DIR}/GoogleUtilities/GoogleUtilities.framework",
				"${BUILT_PRODUCTS_DIR}/SnapKit/SnapKit.framework",
				"${BUILT_PRODUCTS_DIR}/leveldb-library/leveldb.framework",
				"${BUILT_PRODUCTS_DIR}/nanopb/nanopb.framework",
			);
			name = "[CP] Embed Pods Frameworks";
			outputFileListPaths = (
			);
			outputPaths = (
				"${TARGET_BUILD_DIR}/${FRAMEWORKS_FOLDER_PATH}/GoogleUtilities.framework",
				"${TARGET_BUILD_DIR}/${FRAMEWORKS_FOLDER_PATH}/SnapKit.framework",
				"${TARGET_BUILD_DIR}/${FRAMEWORKS_FOLDER_PATH}/leveldb.framework",
				"${TARGET_BUILD_DIR}/${FRAMEWORKS_FOLDER_PATH}/nanopb.framework",
			);
			runOnlyForDeploymentPostprocessing = 0;
			shellPath = /bin/sh;
			shellScript = "\"${SRCROOT}/Pods/Target Support Files/Pods-Checkers/Pods-Checkers-frameworks.sh\"\n";
			showEnvVarsInLog = 0;
		};
		70225DA11F5823736867B53B /* [CP] Check Pods Manifest.lock */ = {
			isa = PBXShellScriptBuildPhase;
			buildActionMask = 2147483647;
			files = (
			);
			inputFileListPaths = (
			);
			inputPaths = (
				"${PODS_PODFILE_DIR_PATH}/Podfile.lock",
				"${PODS_ROOT}/Manifest.lock",
			);
			name = "[CP] Check Pods Manifest.lock";
			outputFileListPaths = (
			);
			outputPaths = (
				"$(DERIVED_FILE_DIR)/Pods-Checkers-checkManifestLockResult.txt",
			);
			runOnlyForDeploymentPostprocessing = 0;
			shellPath = /bin/sh;
			shellScript = "diff \"${PODS_PODFILE_DIR_PATH}/Podfile.lock\" \"${PODS_ROOT}/Manifest.lock\" > /dev/null\nif [ $? != 0 ] ; then\n    # print error to STDERR\n    echo \"error: The sandbox is not in sync with the Podfile.lock. Run 'pod install' or update your CocoaPods installation.\" >&2\n    exit 1\nfi\n# This output is used by Xcode 'outputs' to avoid re-running this script phase.\necho \"SUCCESS\" > \"${SCRIPT_OUTPUT_FILE_0}\"\n";
			showEnvVarsInLog = 0;
		};
		75B08E69490AB36D500E3529 /* [CP] Check Pods Manifest.lock */ = {
			isa = PBXShellScriptBuildPhase;
			buildActionMask = 2147483647;
			files = (
			);
			inputFileListPaths = (
			);
			inputPaths = (
				"${PODS_PODFILE_DIR_PATH}/Podfile.lock",
				"${PODS_ROOT}/Manifest.lock",
			);
			name = "[CP] Check Pods Manifest.lock";
			outputFileListPaths = (
			);
			outputPaths = (
				"$(DERIVED_FILE_DIR)/Pods-CheckersUITests-checkManifestLockResult.txt",
			);
			runOnlyForDeploymentPostprocessing = 0;
			shellPath = /bin/sh;
			shellScript = "diff \"${PODS_PODFILE_DIR_PATH}/Podfile.lock\" \"${PODS_ROOT}/Manifest.lock\" > /dev/null\nif [ $? != 0 ] ; then\n    # print error to STDERR\n    echo \"error: The sandbox is not in sync with the Podfile.lock. Run 'pod install' or update your CocoaPods installation.\" >&2\n    exit 1\nfi\n# This output is used by Xcode 'outputs' to avoid re-running this script phase.\necho \"SUCCESS\" > \"${SCRIPT_OUTPUT_FILE_0}\"\n";
			showEnvVarsInLog = 0;
		};
		ECEAEBE2F22572F7479A0553 /* [CP] Check Pods Manifest.lock */ = {
			isa = PBXShellScriptBuildPhase;
			buildActionMask = 2147483647;
			files = (
			);
			inputFileListPaths = (
			);
			inputPaths = (
				"${PODS_PODFILE_DIR_PATH}/Podfile.lock",
				"${PODS_ROOT}/Manifest.lock",
			);
			name = "[CP] Check Pods Manifest.lock";
			outputFileListPaths = (
			);
			outputPaths = (
				"$(DERIVED_FILE_DIR)/Pods-CheckersTests-checkManifestLockResult.txt",
			);
			runOnlyForDeploymentPostprocessing = 0;
			shellPath = /bin/sh;
			shellScript = "diff \"${PODS_PODFILE_DIR_PATH}/Podfile.lock\" \"${PODS_ROOT}/Manifest.lock\" > /dev/null\nif [ $? != 0 ] ; then\n    # print error to STDERR\n    echo \"error: The sandbox is not in sync with the Podfile.lock. Run 'pod install' or update your CocoaPods installation.\" >&2\n    exit 1\nfi\n# This output is used by Xcode 'outputs' to avoid re-running this script phase.\necho \"SUCCESS\" > \"${SCRIPT_OUTPUT_FILE_0}\"\n";
			showEnvVarsInLog = 0;
		};
/* End PBXShellScriptBuildPhase section */

/* Begin PBXSourcesBuildPhase section */
		104232282209D715008DC01A /* Sources */ = {
			isa = PBXSourcesBuildPhase;
			buildActionMask = 2147483647;
			files = (
				104232322209D715008DC01A /* MainViewController.swift in Sources */,
				109B0474220A559E00E15704 /* UIViewExtensions.swift in Sources */,
				104232302209D715008DC01A /* AppDelegate.swift in Sources */,
				109B046F220A547800E15704 /* Color.swift in Sources */,
				109B0476220A663A00E15704 /* StartNewGameViewController.swift in Sources */,
				109B0472220A54FA00E15704 /* UIColorExtensions.swift in Sources */,
				192E40721500702D377D2422 /* JoinGameViewController.swift in Sources */,
				192E48FE159BD7188BADDB78 /* BoardViewController.swift in Sources */,
				192E43407D16F99FC16053A0 /* FirebaseGameController.swift in Sources */,
				192E411B35D0E47A70681107 /* FirebaseReference.swift in Sources */,
				192E47D6A611BBEFF7E912FC /* FirebaseKey.swift in Sources */,
				192E4379FDB3F0A352A2B477 /* Game.swift in Sources */,
				192E4B922AAF8F0E0AB16F44 /* Util.swift in Sources */,
				192E4F87E160BF860B627222 /* FirebaseJoinGameCompletion.swift in Sources */,
				192E4701CCFD8E3697FDB094 /* FirebaseFetchGameCompletion.swift in Sources */,
				192E4C62151BB160A9DB1DC0 /* Piece.swift in Sources */,
				192E419E229B912C0C8892EC /* PieceType.swift in Sources */,
				192E424358C02C73F49BFC0F /* Board.swift in Sources */,
				192E4468ABCFF3B58601B198 /* Tile.swift in Sources */,
				192E4416C5D7AC8EAE137947 /* BoardCollectionViewCell.swift in Sources */,
				192E4D362E58FFA63727D6F4 /* Icon.swift in Sources */,
				192E4663100BB196DB44BE41 /* Message.swift in Sources */,
				192E441D1FA0BB98AB196781 /* Move.swift in Sources */,
				192E434C1D9F21C2522AE1A9 /* Win.swift in Sources */,
			);
			runOnlyForDeploymentPostprocessing = 0;
		};
		1042323C2209D716008DC01A /* Sources */ = {
			isa = PBXSourcesBuildPhase;
			buildActionMask = 2147483647;
			files = (
				104232452209D716008DC01A /* CheckersTests.swift in Sources */,
			);
			runOnlyForDeploymentPostprocessing = 0;
		};
		104232472209D716008DC01A /* Sources */ = {
			isa = PBXSourcesBuildPhase;
			buildActionMask = 2147483647;
			files = (
				104232502209D716008DC01A /* CheckersUITests.swift in Sources */,
			);
			runOnlyForDeploymentPostprocessing = 0;
		};
/* End PBXSourcesBuildPhase section */

/* Begin PBXTargetDependency section */
		104232422209D716008DC01A /* PBXTargetDependency */ = {
			isa = PBXTargetDependency;
			target = 1042322B2209D715008DC01A /* Checkers */;
			targetProxy = 104232412209D716008DC01A /* PBXContainerItemProxy */;
		};
		1042324D2209D716008DC01A /* PBXTargetDependency */ = {
			isa = PBXTargetDependency;
			target = 1042322B2209D715008DC01A /* Checkers */;
			targetProxy = 1042324C2209D716008DC01A /* PBXContainerItemProxy */;
		};
/* End PBXTargetDependency section */

/* Begin PBXVariantGroup section */
		104232332209D715008DC01A /* Main.storyboard */ = {
			isa = PBXVariantGroup;
			children = (
				104232342209D715008DC01A /* Base */,
			);
			name = Main.storyboard;
			sourceTree = "<group>";
		};
		104232382209D716008DC01A /* LaunchScreen.storyboard */ = {
			isa = PBXVariantGroup;
			children = (
				104232392209D716008DC01A /* Base */,
			);
			name = LaunchScreen.storyboard;
			sourceTree = "<group>";
		};
/* End PBXVariantGroup section */

/* Begin XCBuildConfiguration section */
		104232522209D716008DC01A /* Debug */ = {
			isa = XCBuildConfiguration;
			buildSettings = {
				ALWAYS_SEARCH_USER_PATHS = NO;
				CLANG_ANALYZER_NONNULL = YES;
				CLANG_ANALYZER_NUMBER_OBJECT_CONVERSION = YES_AGGRESSIVE;
				CLANG_CXX_LANGUAGE_STANDARD = "gnu++14";
				CLANG_CXX_LIBRARY = "libc++";
				CLANG_ENABLE_MODULES = YES;
				CLANG_ENABLE_OBJC_ARC = YES;
				CLANG_ENABLE_OBJC_WEAK = YES;
				CLANG_WARN_BLOCK_CAPTURE_AUTORELEASING = YES;
				CLANG_WARN_BOOL_CONVERSION = YES;
				CLANG_WARN_COMMA = YES;
				CLANG_WARN_CONSTANT_CONVERSION = YES;
				CLANG_WARN_DEPRECATED_OBJC_IMPLEMENTATIONS = YES;
				CLANG_WARN_DIRECT_OBJC_ISA_USAGE = YES_ERROR;
				CLANG_WARN_DOCUMENTATION_COMMENTS = YES;
				CLANG_WARN_EMPTY_BODY = YES;
				CLANG_WARN_ENUM_CONVERSION = YES;
				CLANG_WARN_INFINITE_RECURSION = YES;
				CLANG_WARN_INT_CONVERSION = YES;
				CLANG_WARN_NON_LITERAL_NULL_CONVERSION = YES;
				CLANG_WARN_OBJC_IMPLICIT_RETAIN_SELF = YES;
				CLANG_WARN_OBJC_LITERAL_CONVERSION = YES;
				CLANG_WARN_OBJC_ROOT_CLASS = YES_ERROR;
				CLANG_WARN_RANGE_LOOP_ANALYSIS = YES;
				CLANG_WARN_STRICT_PROTOTYPES = YES;
				CLANG_WARN_SUSPICIOUS_MOVE = YES;
				CLANG_WARN_UNGUARDED_AVAILABILITY = YES_AGGRESSIVE;
				CLANG_WARN_UNREACHABLE_CODE = YES;
				CLANG_WARN__DUPLICATE_METHOD_MATCH = YES;
				CODE_SIGN_IDENTITY = "iPhone Developer";
				COPY_PHASE_STRIP = NO;
				DEBUG_INFORMATION_FORMAT = dwarf;
				ENABLE_STRICT_OBJC_MSGSEND = YES;
				ENABLE_TESTABILITY = YES;
				GCC_C_LANGUAGE_STANDARD = gnu11;
				GCC_DYNAMIC_NO_PIC = NO;
				GCC_NO_COMMON_BLOCKS = YES;
				GCC_OPTIMIZATION_LEVEL = 0;
				GCC_PREPROCESSOR_DEFINITIONS = (
					"DEBUG=1",
					"$(inherited)",
				);
				GCC_WARN_64_TO_32_BIT_CONVERSION = YES;
				GCC_WARN_ABOUT_RETURN_TYPE = YES_ERROR;
				GCC_WARN_UNDECLARED_SELECTOR = YES;
				GCC_WARN_UNINITIALIZED_AUTOS = YES_AGGRESSIVE;
				GCC_WARN_UNUSED_FUNCTION = YES;
				GCC_WARN_UNUSED_VARIABLE = YES;
				IPHONEOS_DEPLOYMENT_TARGET = 12.1;
				MTL_ENABLE_DEBUG_INFO = INCLUDE_SOURCE;
				MTL_FAST_MATH = YES;
				ONLY_ACTIVE_ARCH = YES;
				SDKROOT = iphoneos;
				SWIFT_ACTIVE_COMPILATION_CONDITIONS = DEBUG;
				SWIFT_OPTIMIZATION_LEVEL = "-Onone";
			};
			name = Debug;
		};
		104232532209D716008DC01A /* Release */ = {
			isa = XCBuildConfiguration;
			buildSettings = {
				ALWAYS_SEARCH_USER_PATHS = NO;
				CLANG_ANALYZER_NONNULL = YES;
				CLANG_ANALYZER_NUMBER_OBJECT_CONVERSION = YES_AGGRESSIVE;
				CLANG_CXX_LANGUAGE_STANDARD = "gnu++14";
				CLANG_CXX_LIBRARY = "libc++";
				CLANG_ENABLE_MODULES = YES;
				CLANG_ENABLE_OBJC_ARC = YES;
				CLANG_ENABLE_OBJC_WEAK = YES;
				CLANG_WARN_BLOCK_CAPTURE_AUTORELEASING = YES;
				CLANG_WARN_BOOL_CONVERSION = YES;
				CLANG_WARN_COMMA = YES;
				CLANG_WARN_CONSTANT_CONVERSION = YES;
				CLANG_WARN_DEPRECATED_OBJC_IMPLEMENTATIONS = YES;
				CLANG_WARN_DIRECT_OBJC_ISA_USAGE = YES_ERROR;
				CLANG_WARN_DOCUMENTATION_COMMENTS = YES;
				CLANG_WARN_EMPTY_BODY = YES;
				CLANG_WARN_ENUM_CONVERSION = YES;
				CLANG_WARN_INFINITE_RECURSION = YES;
				CLANG_WARN_INT_CONVERSION = YES;
				CLANG_WARN_NON_LITERAL_NULL_CONVERSION = YES;
				CLANG_WARN_OBJC_IMPLICIT_RETAIN_SELF = YES;
				CLANG_WARN_OBJC_LITERAL_CONVERSION = YES;
				CLANG_WARN_OBJC_ROOT_CLASS = YES_ERROR;
				CLANG_WARN_RANGE_LOOP_ANALYSIS = YES;
				CLANG_WARN_STRICT_PROTOTYPES = YES;
				CLANG_WARN_SUSPICIOUS_MOVE = YES;
				CLANG_WARN_UNGUARDED_AVAILABILITY = YES_AGGRESSIVE;
				CLANG_WARN_UNREACHABLE_CODE = YES;
				CLANG_WARN__DUPLICATE_METHOD_MATCH = YES;
				CODE_SIGN_IDENTITY = "iPhone Developer";
				COPY_PHASE_STRIP = NO;
				DEBUG_INFORMATION_FORMAT = "dwarf-with-dsym";
				ENABLE_NS_ASSERTIONS = NO;
				ENABLE_STRICT_OBJC_MSGSEND = YES;
				GCC_C_LANGUAGE_STANDARD = gnu11;
				GCC_NO_COMMON_BLOCKS = YES;
				GCC_WARN_64_TO_32_BIT_CONVERSION = YES;
				GCC_WARN_ABOUT_RETURN_TYPE = YES_ERROR;
				GCC_WARN_UNDECLARED_SELECTOR = YES;
				GCC_WARN_UNINITIALIZED_AUTOS = YES_AGGRESSIVE;
				GCC_WARN_UNUSED_FUNCTION = YES;
				GCC_WARN_UNUSED_VARIABLE = YES;
				IPHONEOS_DEPLOYMENT_TARGET = 12.1;
				MTL_ENABLE_DEBUG_INFO = NO;
				MTL_FAST_MATH = YES;
				SDKROOT = iphoneos;
				SWIFT_COMPILATION_MODE = wholemodule;
				SWIFT_OPTIMIZATION_LEVEL = "-O";
				VALIDATE_PRODUCT = YES;
			};
			name = Release;
		};
		104232552209D716008DC01A /* Debug */ = {
			isa = XCBuildConfiguration;
			baseConfigurationReference = 24311ADDF8637758712C8FA0 /* Pods-Checkers.debug.xcconfig */;
			buildSettings = {
				ASSETCATALOG_COMPILER_APPICON_NAME = AppIcon;
				CODE_SIGN_STYLE = Automatic;
				DEVELOPMENT_TEAM = TEGLEE3UYA;
				INFOPLIST_FILE = Checkers/Info.plist;
				LD_RUNPATH_SEARCH_PATHS = (
					"$(inherited)",
					"@executable_path/Frameworks",
				);
				PRODUCT_BUNDLE_IDENTIFIER = com.satishboggarapu.apps.Checkers;
				PRODUCT_NAME = "$(TARGET_NAME)";
				SWIFT_VERSION = 4.2;
				TARGETED_DEVICE_FAMILY = "1,2";
			};
			name = Debug;
		};
		104232562209D716008DC01A /* Release */ = {
			isa = XCBuildConfiguration;
			baseConfigurationReference = 22317028C1C22D62E0848701 /* Pods-Checkers.release.xcconfig */;
			buildSettings = {
				ASSETCATALOG_COMPILER_APPICON_NAME = AppIcon;
				CODE_SIGN_STYLE = Automatic;
				DEVELOPMENT_TEAM = TEGLEE3UYA;
				INFOPLIST_FILE = Checkers/Info.plist;
				LD_RUNPATH_SEARCH_PATHS = (
					"$(inherited)",
					"@executable_path/Frameworks",
				);
				PRODUCT_BUNDLE_IDENTIFIER = com.satishboggarapu.apps.Checkers;
				PRODUCT_NAME = "$(TARGET_NAME)";
				SWIFT_VERSION = 4.2;
				TARGETED_DEVICE_FAMILY = "1,2";
			};
			name = Release;
		};
		104232582209D716008DC01A /* Debug */ = {
			isa = XCBuildConfiguration;
			baseConfigurationReference = D3E365087F9B8FED0F1C4760 /* Pods-CheckersTests.debug.xcconfig */;
			buildSettings = {
				ALWAYS_EMBED_SWIFT_STANDARD_LIBRARIES = YES;
				BUNDLE_LOADER = "$(TEST_HOST)";
				CODE_SIGN_STYLE = Automatic;
				DEVELOPMENT_TEAM = TEGLEE3UYA;
				INFOPLIST_FILE = CheckersTests/Info.plist;
				LD_RUNPATH_SEARCH_PATHS = (
					"$(inherited)",
					"@executable_path/Frameworks",
					"@loader_path/Frameworks",
				);
				PRODUCT_BUNDLE_IDENTIFIER = com.satishboggarapu.apps.CheckersTests;
				PRODUCT_NAME = "$(TARGET_NAME)";
				SWIFT_VERSION = 4.2;
				TARGETED_DEVICE_FAMILY = "1,2";
				TEST_HOST = "$(BUILT_PRODUCTS_DIR)/Checkers.app/Checkers";
			};
			name = Debug;
		};
		104232592209D716008DC01A /* Release */ = {
			isa = XCBuildConfiguration;
			baseConfigurationReference = 003C46AA21963982DEC6556C /* Pods-CheckersTests.release.xcconfig */;
			buildSettings = {
				ALWAYS_EMBED_SWIFT_STANDARD_LIBRARIES = YES;
				BUNDLE_LOADER = "$(TEST_HOST)";
				CODE_SIGN_STYLE = Automatic;
				DEVELOPMENT_TEAM = TEGLEE3UYA;
				INFOPLIST_FILE = CheckersTests/Info.plist;
				LD_RUNPATH_SEARCH_PATHS = (
					"$(inherited)",
					"@executable_path/Frameworks",
					"@loader_path/Frameworks",
				);
				PRODUCT_BUNDLE_IDENTIFIER = com.satishboggarapu.apps.CheckersTests;
				PRODUCT_NAME = "$(TARGET_NAME)";
				SWIFT_VERSION = 4.2;
				TARGETED_DEVICE_FAMILY = "1,2";
				TEST_HOST = "$(BUILT_PRODUCTS_DIR)/Checkers.app/Checkers";
			};
			name = Release;
		};
		1042325B2209D716008DC01A /* Debug */ = {
			isa = XCBuildConfiguration;
			baseConfigurationReference = 2CADB7BBF203B2592A6BD250 /* Pods-CheckersUITests.debug.xcconfig */;
			buildSettings = {
				ALWAYS_EMBED_SWIFT_STANDARD_LIBRARIES = YES;
				CODE_SIGN_STYLE = Automatic;
				DEVELOPMENT_TEAM = TEGLEE3UYA;
				INFOPLIST_FILE = CheckersUITests/Info.plist;
				LD_RUNPATH_SEARCH_PATHS = (
					"$(inherited)",
					"@executable_path/Frameworks",
					"@loader_path/Frameworks",
				);
				PRODUCT_BUNDLE_IDENTIFIER = com.satishboggarapu.apps.CheckersUITests;
				PRODUCT_NAME = "$(TARGET_NAME)";
				SWIFT_VERSION = 4.2;
				TARGETED_DEVICE_FAMILY = "1,2";
				TEST_TARGET_NAME = Checkers;
			};
			name = Debug;
		};
		1042325C2209D716008DC01A /* Release */ = {
			isa = XCBuildConfiguration;
			baseConfigurationReference = 73479379AC63859F0986705A /* Pods-CheckersUITests.release.xcconfig */;
			buildSettings = {
				ALWAYS_EMBED_SWIFT_STANDARD_LIBRARIES = YES;
				CODE_SIGN_STYLE = Automatic;
				DEVELOPMENT_TEAM = TEGLEE3UYA;
				INFOPLIST_FILE = CheckersUITests/Info.plist;
				LD_RUNPATH_SEARCH_PATHS = (
					"$(inherited)",
					"@executable_path/Frameworks",
					"@loader_path/Frameworks",
				);
				PRODUCT_BUNDLE_IDENTIFIER = com.satishboggarapu.apps.CheckersUITests;
				PRODUCT_NAME = "$(TARGET_NAME)";
				SWIFT_VERSION = 4.2;
				TARGETED_DEVICE_FAMILY = "1,2";
				TEST_TARGET_NAME = Checkers;
			};
			name = Release;
		};
/* End XCBuildConfiguration section */

/* Begin XCConfigurationList section */
		104232272209D715008DC01A /* Build configuration list for PBXProject "Checkers" */ = {
			isa = XCConfigurationList;
			buildConfigurations = (
				104232522209D716008DC01A /* Debug */,
				104232532209D716008DC01A /* Release */,
			);
			defaultConfigurationIsVisible = 0;
			defaultConfigurationName = Release;
		};
		104232542209D716008DC01A /* Build configuration list for PBXNativeTarget "Checkers" */ = {
			isa = XCConfigurationList;
			buildConfigurations = (
				104232552209D716008DC01A /* Debug */,
				104232562209D716008DC01A /* Release */,
			);
			defaultConfigurationIsVisible = 0;
			defaultConfigurationName = Release;
		};
		104232572209D716008DC01A /* Build configuration list for PBXNativeTarget "CheckersTests" */ = {
			isa = XCConfigurationList;
			buildConfigurations = (
				104232582209D716008DC01A /* Debug */,
				104232592209D716008DC01A /* Release */,
			);
			defaultConfigurationIsVisible = 0;
			defaultConfigurationName = Release;
		};
		1042325A2209D716008DC01A /* Build configuration list for PBXNativeTarget "CheckersUITests" */ = {
			isa = XCConfigurationList;
			buildConfigurations = (
				1042325B2209D716008DC01A /* Debug */,
				1042325C2209D716008DC01A /* Release */,
			);
			defaultConfigurationIsVisible = 0;
			defaultConfigurationName = Release;
		};
/* End XCConfigurationList section */
	};
	rootObject = 104232242209D715008DC01A /* Project object */;
}
